
Microsoft Visual Studio Solution File, Format Version 12.00
# Visual Studio Version 17
VisualStudioVersion = 17.5.33516.290
MinimumVisualStudioVersion = 10.0.40219.1
Project("{9A19103F-16F7-4668-BE54-9A1E7A4F7556}") = "TextToSpeech", "TextToSpeech\TextToSpeech.csproj", "{15649B4B-7911-44B4-AD37-6848A668B599}"
	ProjectSection(ProjectDependencies) = postProject
		{07BAF629-FB89-4D95-AD3A-A083CBC5366C} = {07BAF629-FB89-4D95-AD3A-A083CBC5366C}
		{132BC83E-702E-476C-A2FA-2163F72399B9} = {132BC83E-702E-476C-A2FA-2163F72399B9}
		{40484AB3-2056-42E1-A715-5DA11FFF9763} = {40484AB3-2056-42E1-A715-5DA11FFF9763}
		{789A6FF7-E648-420F-A84E-1B8E436FC6C2} = {789A6FF7-E648-420F-A84E-1B8E436FC6C2}
		{99EE2A50-C5F8-4AE4-AFF5-535303DCB6E0} = {99EE2A50-C5F8-4AE4-AFF5-535303DCB6E0}
		{B2632A19-9A4B-4F98-861E-ABFAB5867DE6} = {B2632A19-9A4B-4F98-861E-ABFAB5867DE6}
		{CC065A47-CE6C-4E96-BA9B-F709D4E4ADC0} = {CC065A47-CE6C-4E96-BA9B-F709D4E4ADC0}
	EndProjectSection
EndProject
Project("{9A19103F-16F7-4668-BE54-9A1E7A4F7556}") = "PptxScraper", "PptxScraper\PptxScraper.csproj", "{CC065A47-CE6C-4E96-BA9B-F709D4E4ADC0}"
EndProject
Project("{9A19103F-16F7-4668-BE54-9A1E7A4F7556}") = "ExpansionScraper", "ExpansionScraper\ExpansionScraper.csproj", "{99EE2A50-C5F8-4AE4-AFF5-535303DCB6E0}"
EndProject
Project("{9A19103F-16F7-4668-BE54-9A1E7A4F7556}") = "Configuration", "Configuration\Configuration.csproj", "{07BAF629-FB89-4D95-AD3A-A083CBC5366C}"
EndProject
Project("{FAE04EC0-301F-11D3-BF4B-00C04F79EFBC}") = "Logging", "Logging\Logging.csproj", "{40484AB3-2056-42E1-A715-5DA11FFF9763}"
EndProject
Project("{9A19103F-16F7-4668-BE54-9A1E7A4F7556}") = "CommonUtilities", "CommonUtilities\CommonUtilities.csproj", "{132BC83E-702E-476C-A2FA-2163F72399B9}"
EndProject
Project("{9A19103F-16F7-4668-BE54-9A1E7A4F7556}") = "Security", "Security\Security.csproj", "{B2632A19-9A4B-4F98-861E-ABFAB5867DE6}"
EndProject
Project("{9A19103F-16F7-4668-BE54-9A1E7A4F7556}") = "DataModels", "DataModels\DataModels.csproj", "{789A6FF7-E648-420F-A84E-1B8E436FC6C2}"
EndProject
Project("{9A19103F-16F7-4668-BE54-9A1E7A4F7556}") = "Tests", "Tests\Tests.csproj", "{771A5803-6069-403B-9104-2662C3818FD0}"
EndProject
Project("{2150E333-8FDC-42A3-9474-1A3956D46DE8}") = "Solution Items", "Solution Items", "{FCB66CE7-DD1D-488E-AAA9-D24C9664F713}"
	ProjectSection(SolutionItems) = preProject
		.editorconfig = .editorconfig
	EndProjectSection
EndProject
Project("{9A19103F-16F7-4668-BE54-9A1E7A4F7556}") = "WinFormsApp1", "WinFormsApp1\WinFormsApp1.csproj", "{0A623AD8-11BA-4D5B-825A-A78D94E07E86}"
	ProjectSection(ProjectDependencies) = postProject
		{07BAF629-FB89-4D95-AD3A-A083CBC5366C} = {07BAF629-FB89-4D95-AD3A-A083CBC5366C}
		{132BC83E-702E-476C-A2FA-2163F72399B9} = {132BC83E-702E-476C-A2FA-2163F72399B9}
		{771A5803-6069-403B-9104-2662C3818FD0} = {771A5803-6069-403B-9104-2662C3818FD0}
		{789A6FF7-E648-420F-A84E-1B8E436FC6C2} = {789A6FF7-E648-420F-A84E-1B8E436FC6C2}
		{99EE2A50-C5F8-4AE4-AFF5-535303DCB6E0} = {99EE2A50-C5F8-4AE4-AFF5-535303DCB6E0}
		{B2632A19-9A4B-4F98-861E-ABFAB5867DE6} = {B2632A19-9A4B-4F98-861E-ABFAB5867DE6}
	EndProjectSection
EndProject
Global
	GlobalSection(SolutionConfigurationPlatforms) = preSolution
		Debug|Any CPU = Debug|Any CPU
		Release|Any CPU = Release|Any CPU
	EndGlobalSection
	GlobalSection(ProjectConfigurationPlatforms) = postSolution
		{15649B4B-7911-44B4-AD37-6848A668B599}.Debug|Any CPU.ActiveCfg = Debug|Any CPU
		{15649B4B-7911-44B4-AD37-6848A668B599}.Debug|Any CPU.Build.0 = Debug|Any CPU
		{15649B4B-7911-44B4-AD37-6848A668B599}.Release|Any CPU.ActiveCfg = Release|Any CPU
		{15649B4B-7911-44B4-AD37-6848A668B599}.Release|Any CPU.Build.0 = Release|Any CPU
		{CC065A47-CE6C-4E96-BA9B-F709D4E4ADC0}.Debug|Any CPU.ActiveCfg = Debug|Any CPU
		{CC065A47-CE6C-4E96-BA9B-F709D4E4ADC0}.Debug|Any CPU.Build.0 = Debug|Any CPU
		{CC065A47-CE6C-4E96-BA9B-F709D4E4ADC0}.Release|Any CPU.ActiveCfg = Release|Any CPU
		{CC065A47-CE6C-4E96-BA9B-F709D4E4ADC0}.Release|Any CPU.Build.0 = Release|Any CPU
		{99EE2A50-C5F8-4AE4-AFF5-535303DCB6E0}.Debug|Any CPU.ActiveCfg = Debug|Any CPU
		{99EE2A50-C5F8-4AE4-AFF5-535303DCB6E0}.Debug|Any CPU.Build.0 = Debug|Any CPU
		{99EE2A50-C5F8-4AE4-AFF5-535303DCB6E0}.Release|Any CPU.ActiveCfg = Release|Any CPU
		{99EE2A50-C5F8-4AE4-AFF5-535303DCB6E0}.Release|Any CPU.Build.0 = Release|Any CPU
		{07BAF629-FB89-4D95-AD3A-A083CBC5366C}.Debug|Any CPU.ActiveCfg = Debug|Any CPU
		{07BAF629-FB89-4D95-AD3A-A083CBC5366C}.Debug|Any CPU.Build.0 = Debug|Any CPU
		{07BAF629-FB89-4D95-AD3A-A083CBC5366C}.Release|Any CPU.ActiveCfg = Release|Any CPU
		{07BAF629-FB89-4D95-AD3A-A083CBC5366C}.Release|Any CPU.Build.0 = Release|Any CPU
		{40484AB3-2056-42E1-A715-5DA11FFF9763}.Debug|Any CPU.ActiveCfg = Debug|Any CPU
		{40484AB3-2056-42E1-A715-5DA11FFF9763}.Debug|Any CPU.Build.0 = Debug|Any CPU
		{40484AB3-2056-42E1-A715-5DA11FFF9763}.Release|Any CPU.ActiveCfg = Release|Any CPU
		{40484AB3-2056-42E1-A715-5DA11FFF9763}.Release|Any CPU.Build.0 = Release|Any CPU
		{132BC83E-702E-476C-A2FA-2163F72399B9}.Debug|Any CPU.ActiveCfg = Debug|Any CPU
		{132BC83E-702E-476C-A2FA-2163F72399B9}.Debug|Any CPU.Build.0 = Debug|Any CPU
		{132BC83E-702E-476C-A2FA-2163F72399B9}.Release|Any CPU.ActiveCfg = Release|Any CPU
		{132BC83E-702E-476C-A2FA-2163F72399B9}.Release|Any CPU.Build.0 = Release|Any CPU
		{B2632A19-9A4B-4F98-861E-ABFAB5867DE6}.Debug|Any CPU.ActiveCfg = Debug|Any CPU
		{B2632A19-9A4B-4F98-861E-ABFAB5867DE6}.Debug|Any CPU.Build.0 = Debug|Any CPU
		{B2632A19-9A4B-4F98-861E-ABFAB5867DE6}.Release|Any CPU.ActiveCfg = Release|Any CPU
		{B2632A19-9A4B-4F98-861E-ABFAB5867DE6}.Release|Any CPU.Build.0 = Release|Any CPU
		{789A6FF7-E648-420F-A84E-1B8E436FC6C2}.Debug|Any CPU.ActiveCfg = Debug|Any CPU
		{789A6FF7-E648-420F-A84E-1B8E436FC6C2}.Debug|Any CPU.Build.0 = Debug|Any CPU
		{789A6FF7-E648-420F-A84E-1B8E436FC6C2}.Release|Any CPU.ActiveCfg = Release|Any CPU
		{789A6FF7-E648-420F-A84E-1B8E436FC6C2}.Release|Any CPU.Build.0 = Release|Any CPU
		{771A5803-6069-403B-9104-2662C3818FD0}.Debug|Any CPU.ActiveCfg = Debug|Any CPU
		{771A5803-6069-403B-9104-2662C3818FD0}.Debug|Any CPU.Build.0 = Debug|Any CPU
		{771A5803-6069-403B-9104-2662C3818FD0}.Release|Any CPU.ActiveCfg = Release|Any CPU
		{771A5803-6069-403B-9104-2662C3818FD0}.Release|Any CPU.Build.0 = Release|Any CPU
		{0A623AD8-11BA-4D5B-825A-A78D94E07E86}.Debug|Any CPU.ActiveCfg = Debug|Any CPU
		{0A623AD8-11BA-4D5B-825A-A78D94E07E86}.Debug|Any CPU.Build.0 = Debug|Any CPU
		{0A623AD8-11BA-4D5B-825A-A78D94E07E86}.Release|Any CPU.ActiveCfg = Release|Any CPU
		{0A623AD8-11BA-4D5B-825A-A78D94E07E86}.Release|Any CPU.Build.0 = Release|Any CPU
	EndGlobalSection
	GlobalSection(SolutionProperties) = preSolution
		HideSolutionNode = FALSE
	EndGlobalSection
	GlobalSection(ExtensibilityGlobals) = postSolution
		SolutionGuid = {5B4D01FA-6EC5-4EA5-882E-0527DD3F7F9F}
	EndGlobalSection
EndGlobal
