
Microsoft Visual Studio Solution File, Format Version 12.00
# Visual Studio Version 17
VisualStudioVersion = 17.5.33516.290
MinimumVisualStudioVersion = 10.0.40219.1
Project("{FAE04EC0-301F-11D3-BF4B-00C04F79EFBC}") = "TextToSpeech", "TextToSpeech\TextToSpeech.csproj", "{15649B4B-7911-44B4-AD37-6848A668B599}"
EndProject
Project("{FAE04EC0-301F-11D3-BF4B-00C04F79EFBC}") = "PptxScraper", "PptxScraper\PptxScraper.csproj", "{CC065A47-CE6C-4E96-BA9B-F709D4E4ADC0}"
EndProject
Project("{FAE04EC0-301F-11D3-BF4B-00C04F79EFBC}") = "ExpansionScraper", "ExpansionScraper\ExpansionScraper.csproj", "{99EE2A50-C5F8-4AE4-AFF5-535303DCB6E0}"
EndProject
Project("{FAE04EC0-301F-11D3-BF4B-00C04F79EFBC}") = "TestProject1", "Tests\TestProject1\TestProject1.csproj", "{E31B081C-2857-462D-B7E8-FE14303DC59E}"
EndProject
Project("{FAE04EC0-301F-11D3-BF4B-00C04F79EFBC}") = "Configuration", "Configuration\Configuration.csproj", "{07BAF629-FB89-4D95-AD3A-A083CBC5366C}"
EndProject
Global
	GlobalSection(SolutionConfigurationPlatforms) = preSolution
		Debug|Any CPU = Debug|Any CPU
		Release|Any CPU = Release|Any CPU
	EndGlobalSection
	GlobalSection(ProjectConfigurationPlatforms) = postSolution
		{15649B4B-7911-44B4-AD37-6848A668B599}.Debug|Any CPU.ActiveCfg = Debug|Any CPU
		{15649B4B-7911-44B4-AD37-6848A668B599}.Debug|Any CPU.Build.0 = Debug|Any CPU
		{15649B4B-7911-44B4-AD37-6848A668B599}.Release|Any CPU.ActiveCfg = Release|Any CPU
		{15649B4B-7911-44B4-AD37-6848A668B599}.Release|Any CPU.Build.0 = Release|Any CPU
		{CC065A47-CE6C-4E96-BA9B-F709D4E4ADC0}.Debug|Any CPU.ActiveCfg = Debug|Any CPU
		{CC065A47-CE6C-4E96-BA9B-F709D4E4ADC0}.Debug|Any CPU.Build.0 = Debug|Any CPU
		{CC065A47-CE6C-4E96-BA9B-F709D4E4ADC0}.Release|Any CPU.ActiveCfg = Release|Any CPU
		{CC065A47-CE6C-4E96-BA9B-F709D4E4ADC0}.Release|Any CPU.Build.0 = Release|Any CPU
		{99EE2A50-C5F8-4AE4-AFF5-535303DCB6E0}.Debug|Any CPU.ActiveCfg = Debug|Any CPU
		{99EE2A50-C5F8-4AE4-AFF5-535303DCB6E0}.Debug|Any CPU.Build.0 = Debug|Any CPU
		{99EE2A50-C5F8-4AE4-AFF5-535303DCB6E0}.Release|Any CPU.ActiveCfg = Release|Any CPU
		{99EE2A50-C5F8-4AE4-AFF5-535303DCB6E0}.Release|Any CPU.Build.0 = Release|Any CPU
		{E31B081C-2857-462D-B7E8-FE14303DC59E}.Debug|Any CPU.ActiveCfg = Debug|Any CPU
		{E31B081C-2857-462D-B7E8-FE14303DC59E}.Debug|Any CPU.Build.0 = Debug|Any CPU
		{E31B081C-2857-462D-B7E8-FE14303DC59E}.Release|Any CPU.ActiveCfg = Release|Any CPU
		{E31B081C-2857-462D-B7E8-FE14303DC59E}.Release|Any CPU.Build.0 = Release|Any CPU
		{07BAF629-FB89-4D95-AD3A-A083CBC5366C}.Debug|Any CPU.ActiveCfg = Debug|Any CPU
		{07BAF629-FB89-4D95-AD3A-A083CBC5366C}.Debug|Any CPU.Build.0 = Debug|Any CPU
		{07BAF629-FB89-4D95-AD3A-A083CBC5366C}.Release|Any CPU.ActiveCfg = Release|Any CPU
		{07BAF629-FB89-4D95-AD3A-A083CBC5366C}.Release|Any CPU.Build.0 = Release|Any CPU
	EndGlobalSection
	GlobalSection(SolutionProperties) = preSolution
		HideSolutionNode = FALSE
	EndGlobalSection
	GlobalSection(ExtensibilityGlobals) = postSolution
		SolutionGuid = {5B4D01FA-6EC5-4EA5-882E-0527DD3F7F9F}
	EndGlobalSection
EndGlobal
